// !$*UTF8*$!
{
	archiveVersion = 1;
	classes = {
	};
	objectVersion = 52;
	objects = {

/* Begin PBXBuildFile section */
		DE0B29AB2681D9CF0056862E /* AppDelegate.swift in Sources */ = {isa = PBXBuildFile; fileRef = DE0B29AA2681D9CF0056862E /* AppDelegate.swift */; };
		DE0B29AD2681D9CF0056862E /* SceneDelegate.swift in Sources */ = {isa = PBXBuildFile; fileRef = DE0B29AC2681D9CF0056862E /* SceneDelegate.swift */; };
		DE0B29AF2681D9CF0056862E /* ViewController.swift in Sources */ = {isa = PBXBuildFile; fileRef = DE0B29AE2681D9CF0056862E /* ViewController.swift */; };
		DE0B29B42681D9D30056862E /* Assets.xcassets in Resources */ = {isa = PBXBuildFile; fileRef = DE0B29B32681D9D30056862E /* Assets.xcassets */; };
		DE0B29B72681D9D30056862E /* LaunchScreen.storyboard in Resources */ = {isa = PBXBuildFile; fileRef = DE0B29B52681D9D30056862E /* LaunchScreen.storyboard */; };
		DE6910E92681F3EE005BF23A /* Coordinator.swift in Sources */ = {isa = PBXBuildFile; fileRef = DE6910E82681F3EE005BF23A /* Coordinator.swift */; };
		DE6910EB2681F41F005BF23A /* MainCoordinator.swift in Sources */ = {isa = PBXBuildFile; fileRef = DE6910EA2681F41F005BF23A /* MainCoordinator.swift */; };
		DE6910EF2681F643005BF23A /* GalleryViewController.swift in Sources */ = {isa = PBXBuildFile; fileRef = DE6910ED2681F643005BF23A /* GalleryViewController.swift */; };
		DE6910F02681F643005BF23A /* GalleryViewController.xib in Resources */ = {isa = PBXBuildFile; fileRef = DE6910EE2681F643005BF23A /* GalleryViewController.xib */; };
		DE6910F3268206EE005BF23A /* FeedElement.swift in Sources */ = {isa = PBXBuildFile; fileRef = DE6910F2268206EE005BF23A /* FeedElement.swift */; };
		DE6910F526820738005BF23A /* MockupData.swift in Sources */ = {isa = PBXBuildFile; fileRef = DE6910F426820738005BF23A /* MockupData.swift */; };
		DE6910F826820BED005BF23A /* GalleryItemCollectionViewCell.swift in Sources */ = {isa = PBXBuildFile; fileRef = DE6910F626820BED005BF23A /* GalleryItemCollectionViewCell.swift */; };
		DE6910F926820BEE005BF23A /* GalleryItemCollectionViewCell.xib in Resources */ = {isa = PBXBuildFile; fileRef = DE6910F726820BED005BF23A /* GalleryItemCollectionViewCell.xib */; };
		DE6910FB26820C9A005BF23A /* CVLayout.swift in Sources */ = {isa = PBXBuildFile; fileRef = DE6910FA26820C9A005BF23A /* CVLayout.swift */; };
		DE691100268212F4005BF23A /* GalleryDetailViewController.swift in Sources */ = {isa = PBXBuildFile; fileRef = DE6910FE268212F4005BF23A /* GalleryDetailViewController.swift */; };
		DE691101268212F4005BF23A /* GalleryDetailViewController.xib in Resources */ = {isa = PBXBuildFile; fileRef = DE6910FF268212F4005BF23A /* GalleryDetailViewController.xib */; };
		DE6911072682279B005BF23A /* NewBannerSupplementaryView.swift in Sources */ = {isa = PBXBuildFile; fileRef = DE6911052682279B005BF23A /* NewBannerSupplementaryView.swift */; };
		DE6911082682279B005BF23A /* NewBannerSupplementaryView.xib in Resources */ = {isa = PBXBuildFile; fileRef = DE6911062682279B005BF23A /* NewBannerSupplementaryView.xib */; };
		DE69110B26822B2E005BF23A /* HeaderSupplementaryView.swift in Sources */ = {isa = PBXBuildFile; fileRef = DE69110926822B2E005BF23A /* HeaderSupplementaryView.swift */; };
		DE69110C26822B2E005BF23A /* HeaderSupplementaryView.xib in Resources */ = {isa = PBXBuildFile; fileRef = DE69110A26822B2E005BF23A /* HeaderSupplementaryView.xib */; };
		DE69110F2682317F005BF23A /* BackgroundDecorationView.swift in Sources */ = {isa = PBXBuildFile; fileRef = DE69110D2682317F005BF23A /* BackgroundDecorationView.swift */; };
		DE6911102682317F005BF23A /* BackgroundDecorationView.xib in Resources */ = {isa = PBXBuildFile; fileRef = DE69110E2682317F005BF23A /* BackgroundDecorationView.xib */; };
		DE691113268326DF005BF23A /* NetworkManager.swift in Sources */ = {isa = PBXBuildFile; fileRef = DE691112268326DF005BF23A /* NetworkManager.swift */; };
		DE69111626832931005BF23A /* Alamofire in Frameworks */ = {isa = PBXBuildFile; productRef = DE69111526832931005BF23A /* Alamofire */; };
/* End PBXBuildFile section */

/* Begin PBXFileReference section */
		DE0B29A72681D9CF0056862E /* Training.app */ = {isa = PBXFileReference; explicitFileType = wrapper.application; includeInIndex = 0; path = Training.app; sourceTree = BUILT_PRODUCTS_DIR; };
		DE0B29AA2681D9CF0056862E /* AppDelegate.swift */ = {isa = PBXFileReference; lastKnownFileType = sourcecode.swift; path = AppDelegate.swift; sourceTree = "<group>"; };
		DE0B29AC2681D9CF0056862E /* SceneDelegate.swift */ = {isa = PBXFileReference; lastKnownFileType = sourcecode.swift; path = SceneDelegate.swift; sourceTree = "<group>"; };
		DE0B29AE2681D9CF0056862E /* ViewController.swift */ = {isa = PBXFileReference; lastKnownFileType = sourcecode.swift; path = ViewController.swift; sourceTree = "<group>"; };
		DE0B29B32681D9D30056862E /* Assets.xcassets */ = {isa = PBXFileReference; lastKnownFileType = folder.assetcatalog; path = Assets.xcassets; sourceTree = "<group>"; };
		DE0B29B62681D9D30056862E /* Base */ = {isa = PBXFileReference; lastKnownFileType = file.storyboard; name = Base; path = Base.lproj/LaunchScreen.storyboard; sourceTree = "<group>"; };
		DE0B29B82681D9D30056862E /* Info.plist */ = {isa = PBXFileReference; lastKnownFileType = text.plist.xml; path = Info.plist; sourceTree = "<group>"; };
		DE6910E82681F3EE005BF23A /* Coordinator.swift */ = {isa = PBXFileReference; lastKnownFileType = sourcecode.swift; path = Coordinator.swift; sourceTree = "<group>"; };
		DE6910EA2681F41F005BF23A /* MainCoordinator.swift */ = {isa = PBXFileReference; lastKnownFileType = sourcecode.swift; path = MainCoordinator.swift; sourceTree = "<group>"; };
		DE6910ED2681F643005BF23A /* GalleryViewController.swift */ = {isa = PBXFileReference; lastKnownFileType = sourcecode.swift; path = GalleryViewController.swift; sourceTree = "<group>"; };
		DE6910EE2681F643005BF23A /* GalleryViewController.xib */ = {isa = PBXFileReference; lastKnownFileType = file.xib; path = GalleryViewController.xib; sourceTree = "<group>"; };
		DE6910F2268206EE005BF23A /* FeedElement.swift */ = {isa = PBXFileReference; lastKnownFileType = sourcecode.swift; path = FeedElement.swift; sourceTree = "<group>"; };
		DE6910F426820738005BF23A /* MockupData.swift */ = {isa = PBXFileReference; lastKnownFileType = sourcecode.swift; path = MockupData.swift; sourceTree = "<group>"; };
		DE6910F626820BED005BF23A /* GalleryItemCollectionViewCell.swift */ = {isa = PBXFileReference; lastKnownFileType = sourcecode.swift; path = GalleryItemCollectionViewCell.swift; sourceTree = "<group>"; };
		DE6910F726820BED005BF23A /* GalleryItemCollectionViewCell.xib */ = {isa = PBXFileReference; lastKnownFileType = file.xib; path = GalleryItemCollectionViewCell.xib; sourceTree = "<group>"; };
		DE6910FA26820C9A005BF23A /* CVLayout.swift */ = {isa = PBXFileReference; lastKnownFileType = sourcecode.swift; path = CVLayout.swift; sourceTree = "<group>"; };
		DE6910FE268212F4005BF23A /* GalleryDetailViewController.swift */ = {isa = PBXFileReference; lastKnownFileType = sourcecode.swift; path = GalleryDetailViewController.swift; sourceTree = "<group>"; };
		DE6910FF268212F4005BF23A /* GalleryDetailViewController.xib */ = {isa = PBXFileReference; lastKnownFileType = file.xib; path = GalleryDetailViewController.xib; sourceTree = "<group>"; };
		DE6911052682279B005BF23A /* NewBannerSupplementaryView.swift */ = {isa = PBXFileReference; lastKnownFileType = sourcecode.swift; path = NewBannerSupplementaryView.swift; sourceTree = "<group>"; };
		DE6911062682279B005BF23A /* NewBannerSupplementaryView.xib */ = {isa = PBXFileReference; lastKnownFileType = file.xib; path = NewBannerSupplementaryView.xib; sourceTree = "<group>"; };
		DE69110926822B2E005BF23A /* HeaderSupplementaryView.swift */ = {isa = PBXFileReference; lastKnownFileType = sourcecode.swift; path = HeaderSupplementaryView.swift; sourceTree = "<group>"; };
		DE69110A26822B2E005BF23A /* HeaderSupplementaryView.xib */ = {isa = PBXFileReference; lastKnownFileType = file.xib; path = HeaderSupplementaryView.xib; sourceTree = "<group>"; };
		DE69110D2682317F005BF23A /* BackgroundDecorationView.swift */ = {isa = PBXFileReference; lastKnownFileType = sourcecode.swift; path = BackgroundDecorationView.swift; sourceTree = "<group>"; };
		DE69110E2682317F005BF23A /* BackgroundDecorationView.xib */ = {isa = PBXFileReference; lastKnownFileType = file.xib; path = BackgroundDecorationView.xib; sourceTree = "<group>"; };
		DE691112268326DF005BF23A /* NetworkManager.swift */ = {isa = PBXFileReference; lastKnownFileType = sourcecode.swift; path = NetworkManager.swift; sourceTree = "<group>"; };
/* End PBXFileReference section */

/* Begin PBXFrameworksBuildPhase section */
		DE0B29A42681D9CF0056862E /* Frameworks */ = {
			isa = PBXFrameworksBuildPhase;
			buildActionMask = 2147483647;
			files = (
				DE69111626832931005BF23A /* Alamofire in Frameworks */,
			);
			runOnlyForDeploymentPostprocessing = 0;
		};
/* End PBXFrameworksBuildPhase section */

/* Begin PBXGroup section */
		DE0B299E2681D9CF0056862E = {
			isa = PBXGroup;
			children = (
				DE0B29A92681D9CF0056862E /* Training */,
				DE0B29A82681D9CF0056862E /* Products */,
			);
			sourceTree = "<group>";
		};
		DE0B29A82681D9CF0056862E /* Products */ = {
			isa = PBXGroup;
			children = (
				DE0B29A72681D9CF0056862E /* Training.app */,
			);
			name = Products;
			sourceTree = "<group>";
		};
		DE0B29A92681D9CF0056862E /* Training */ = {
			isa = PBXGroup;
			children = (
				DE691111268326CF005BF23A /* Manager */,
				DE6910F1268206D8005BF23A /* Model */,
				DE6910EC2681F5D2005BF23A /* ViewController */,
				DE6910E72681F3DA005BF23A /* Coordinator */,
				DE0B29AA2681D9CF0056862E /* AppDelegate.swift */,
				DE0B29AC2681D9CF0056862E /* SceneDelegate.swift */,
				DE0B29AE2681D9CF0056862E /* ViewController.swift */,
				DE0B29B32681D9D30056862E /* Assets.xcassets */,
				DE0B29B52681D9D30056862E /* LaunchScreen.storyboard */,
				DE0B29B82681D9D30056862E /* Info.plist */,
			);
			path = Training;
			sourceTree = "<group>";
		};
		DE6910E72681F3DA005BF23A /* Coordinator */ = {
			isa = PBXGroup;
			children = (
				DE6910E82681F3EE005BF23A /* Coordinator.swift */,
				DE6910EA2681F41F005BF23A /* MainCoordinator.swift */,
			);
			path = Coordinator;
			sourceTree = "<group>";
		};
		DE6910EC2681F5D2005BF23A /* ViewController */ = {
			isa = PBXGroup;
			children = (
				DE69110426822712005BF23A /* CompositionLayout */,
				DE6910FD268212BC005BF23A /* Detail */,
				DE6910FC268212AC005BF23A /* List */,
			);
			path = ViewController;
			sourceTree = "<group>";
		};
		DE6910F1268206D8005BF23A /* Model */ = {
			isa = PBXGroup;
			children = (
				DE6910F2268206EE005BF23A /* FeedElement.swift */,
				DE6910F426820738005BF23A /* MockupData.swift */,
			);
			path = Model;
			sourceTree = "<group>";
		};
		DE6910FC268212AC005BF23A /* List */ = {
			isa = PBXGroup;
			children = (
				DE6910ED2681F643005BF23A /* GalleryViewController.swift */,
				DE6910EE2681F643005BF23A /* GalleryViewController.xib */,
				DE6910F626820BED005BF23A /* GalleryItemCollectionViewCell.swift */,
				DE6910F726820BED005BF23A /* GalleryItemCollectionViewCell.xib */,
				DE6910FA26820C9A005BF23A /* CVLayout.swift */,
			);
			path = List;
			sourceTree = "<group>";
		};
		DE6910FD268212BC005BF23A /* Detail */ = {
			isa = PBXGroup;
			children = (
				DE6910FE268212F4005BF23A /* GalleryDetailViewController.swift */,
				DE6910FF268212F4005BF23A /* GalleryDetailViewController.xib */,
			);
			path = Detail;
			sourceTree = "<group>";
		};
		DE69110426822712005BF23A /* CompositionLayout */ = {
			isa = PBXGroup;
			children = (
				DE6911052682279B005BF23A /* NewBannerSupplementaryView.swift */,
				DE6911062682279B005BF23A /* NewBannerSupplementaryView.xib */,
				DE69110926822B2E005BF23A /* HeaderSupplementaryView.swift */,
				DE69110A26822B2E005BF23A /* HeaderSupplementaryView.xib */,
				DE69110D2682317F005BF23A /* BackgroundDecorationView.swift */,
				DE69110E2682317F005BF23A /* BackgroundDecorationView.xib */,
			);
			path = CompositionLayout;
			sourceTree = "<group>";
		};
		DE691111268326CF005BF23A /* Manager */ = {
			isa = PBXGroup;
			children = (
				DE691112268326DF005BF23A /* NetworkManager.swift */,
			);
			path = Manager;
			sourceTree = "<group>";
		};
/* End PBXGroup section */

/* Begin PBXNativeTarget section */
		DE0B29A62681D9CF0056862E /* Training */ = {
			isa = PBXNativeTarget;
			buildConfigurationList = DE0B29BB2681D9D30056862E /* Build configuration list for PBXNativeTarget "Training" */;
			buildPhases = (
				DE0B29A32681D9CF0056862E /* Sources */,
				DE0B29A42681D9CF0056862E /* Frameworks */,
				DE0B29A52681D9CF0056862E /* Resources */,
			);
			buildRules = (
			);
			dependencies = (
			);
			name = Training;
			packageProductDependencies = (
				DE69111526832931005BF23A /* Alamofire */,
			);
			productName = Training;
			productReference = DE0B29A72681D9CF0056862E /* Training.app */;
			productType = "com.apple.product-type.application";
		};
/* End PBXNativeTarget section */

/* Begin PBXProject section */
		DE0B299F2681D9CF0056862E /* Project object */ = {
			isa = PBXProject;
			attributes = {
				LastSwiftUpdateCheck = 1250;
				LastUpgradeCheck = 1250;
				TargetAttributes = {
					DE0B29A62681D9CF0056862E = {
						CreatedOnToolsVersion = 12.5;
					};
				};
			};
			buildConfigurationList = DE0B29A22681D9CF0056862E /* Build configuration list for PBXProject "Training" */;
			compatibilityVersion = "Xcode 9.3";
			developmentRegion = en;
			hasScannedForEncodings = 0;
			knownRegions = (
				en,
				Base,
			);
			mainGroup = DE0B299E2681D9CF0056862E;
			packageReferences = (
				DE69111426832931005BF23A /* XCRemoteSwiftPackageReference "Alamofire" */,
			);
			productRefGroup = DE0B29A82681D9CF0056862E /* Products */;
			projectDirPath = "";
			projectRoot = "";
			targets = (
				DE0B29A62681D9CF0056862E /* Training */,
			);
		};
/* End PBXProject section */

/* Begin PBXResourcesBuildPhase section */
		DE0B29A52681D9CF0056862E /* Resources */ = {
			isa = PBXResourcesBuildPhase;
			buildActionMask = 2147483647;
			files = (
				DE6911102682317F005BF23A /* BackgroundDecorationView.xib in Resources */,
				DE6910F926820BEE005BF23A /* GalleryItemCollectionViewCell.xib in Resources */,
				DE0B29B72681D9D30056862E /* LaunchScreen.storyboard in Resources */,
				DE691101268212F4005BF23A /* GalleryDetailViewController.xib in Resources */,
				DE6911082682279B005BF23A /* NewBannerSupplementaryView.xib in Resources */,
				DE6910F02681F643005BF23A /* GalleryViewController.xib in Resources */,
				DE69110C26822B2E005BF23A /* HeaderSupplementaryView.xib in Resources */,
				DE0B29B42681D9D30056862E /* Assets.xcassets in Resources */,
			);
			runOnlyForDeploymentPostprocessing = 0;
		};
/* End PBXResourcesBuildPhase section */

/* Begin PBXSourcesBuildPhase section */
		DE0B29A32681D9CF0056862E /* Sources */ = {
			isa = PBXSourcesBuildPhase;
			buildActionMask = 2147483647;
			files = (
				DE6910FB26820C9A005BF23A /* CVLayout.swift in Sources */,
				DE6910E92681F3EE005BF23A /* Coordinator.swift in Sources */,
				DE0B29AF2681D9CF0056862E /* ViewController.swift in Sources */,
				DE6910F3268206EE005BF23A /* FeedElement.swift in Sources */,
				DE0B29AB2681D9CF0056862E /* AppDelegate.swift in Sources */,
				DE6910F826820BED005BF23A /* GalleryItemCollectionViewCell.swift in Sources */,
				DE69110F2682317F005BF23A /* BackgroundDecorationView.swift in Sources */,
				DE6910F526820738005BF23A /* MockupData.swift in Sources */,
				DE6910EF2681F643005BF23A /* GalleryViewController.swift in Sources */,
				DE691100268212F4005BF23A /* GalleryDetailViewController.swift in Sources */,
				DE6910EB2681F41F005BF23A /* MainCoordinator.swift in Sources */,
				DE69110B26822B2E005BF23A /* HeaderSupplementaryView.swift in Sources */,
				DE691113268326DF005BF23A /* NetworkManager.swift in Sources */,
				DE6911072682279B005BF23A /* NewBannerSupplementaryView.swift in Sources */,
				DE0B29AD2681D9CF0056862E /* SceneDelegate.swift in Sources */,
			);
			runOnlyForDeploymentPostprocessing = 0;
		};
/* End PBXSourcesBuildPhase section */

/* Begin PBXVariantGroup section */
		DE0B29B52681D9D30056862E /* LaunchScreen.storyboard */ = {
			isa = PBXVariantGroup;
			children = (
				DE0B29B62681D9D30056862E /* Base */,
			);
			name = LaunchScreen.storyboard;
			sourceTree = "<group>";
		};
/* End PBXVariantGroup section */

/* Begin XCBuildConfiguration section */
		DE0B29B92681D9D30056862E /* Debug */ = {
			isa = XCBuildConfiguration;
			buildSettings = {
				ALWAYS_SEARCH_USER_PATHS = NO;
				CLANG_ANALYZER_NONNULL = YES;
				CLANG_ANALYZER_NUMBER_OBJECT_CONVERSION = YES_AGGRESSIVE;
				CLANG_CXX_LANGUAGE_STANDARD = "gnu++14";
				CLANG_CXX_LIBRARY = "libc++";
				CLANG_ENABLE_MODULES = YES;
				CLANG_ENABLE_OBJC_ARC = YES;
				CLANG_ENABLE_OBJC_WEAK = YES;
				CLANG_WARN_BLOCK_CAPTURE_AUTORELEASING = YES;
				CLANG_WARN_BOOL_CONVERSION = YES;
				CLANG_WARN_COMMA = YES;
				CLANG_WARN_CONSTANT_CONVERSION = YES;
				CLANG_WARN_DEPRECATED_OBJC_IMPLEMENTATIONS = YES;
				CLANG_WARN_DIRECT_OBJC_ISA_USAGE = YES_ERROR;
				CLANG_WARN_DOCUMENTATION_COMMENTS = YES;
				CLANG_WARN_EMPTY_BODY = YES;
				CLANG_WARN_ENUM_CONVERSION = YES;
				CLANG_WARN_INFINITE_RECURSION = YES;
				CLANG_WARN_INT_CONVERSION = YES;
				CLANG_WARN_NON_LITERAL_NULL_CONVERSION = YES;
				CLANG_WARN_OBJC_IMPLICIT_RETAIN_SELF = YES;
				CLANG_WARN_OBJC_LITERAL_CONVERSION = YES;
				CLANG_WARN_OBJC_ROOT_CLASS = YES_ERROR;
				CLANG_WARN_QUOTED_INCLUDE_IN_FRAMEWORK_HEADER = YES;
				CLANG_WARN_RANGE_LOOP_ANALYSIS = YES;
				CLANG_WARN_STRICT_PROTOTYPES = YES;
				CLANG_WARN_SUSPICIOUS_MOVE = YES;
				CLANG_WARN_UNGUARDED_AVAILABILITY = YES_AGGRESSIVE;
				CLANG_WARN_UNREACHABLE_CODE = YES;
				CLANG_WARN__DUPLICATE_METHOD_MATCH = YES;
				COPY_PHASE_STRIP = NO;
				DEBUG_INFORMATION_FORMAT = dwarf;
				ENABLE_STRICT_OBJC_MSGSEND = YES;
				ENABLE_TESTABILITY = YES;
				GCC_C_LANGUAGE_STANDARD = gnu11;
				GCC_DYNAMIC_NO_PIC = NO;
				GCC_NO_COMMON_BLOCKS = YES;
				GCC_OPTIMIZATION_LEVEL = 0;
				GCC_PREPROCESSOR_DEFINITIONS = (
					"DEBUG=1",
					"$(inherited)",
				);
				GCC_WARN_64_TO_32_BIT_CONVERSION = YES;
				GCC_WARN_ABOUT_RETURN_TYPE = YES_ERROR;
				GCC_WARN_UNDECLARED_SELECTOR = YES;
				GCC_WARN_UNINITIALIZED_AUTOS = YES_AGGRESSIVE;
				GCC_WARN_UNUSED_FUNCTION = YES;
				GCC_WARN_UNUSED_VARIABLE = YES;
				IPHONEOS_DEPLOYMENT_TARGET = 14.5;
				MTL_ENABLE_DEBUG_INFO = INCLUDE_SOURCE;
				MTL_FAST_MATH = YES;
				ONLY_ACTIVE_ARCH = YES;
				SDKROOT = iphoneos;
				SWIFT_ACTIVE_COMPILATION_CONDITIONS = DEBUG;
				SWIFT_OPTIMIZATION_LEVEL = "-Onone";
			};
			name = Debug;
		};
		DE0B29BA2681D9D30056862E /* Release */ = {
			isa = XCBuildConfiguration;
			buildSettings = {
				ALWAYS_SEARCH_USER_PATHS = NO;
				CLANG_ANALYZER_NONNULL = YES;
				CLANG_ANALYZER_NUMBER_OBJECT_CONVERSION = YES_AGGRESSIVE;
				CLANG_CXX_LANGUAGE_STANDARD = "gnu++14";
				CLANG_CXX_LIBRARY = "libc++";
				CLANG_ENABLE_MODULES = YES;
				CLANG_ENABLE_OBJC_ARC = YES;
				CLANG_ENABLE_OBJC_WEAK = YES;
				CLANG_WARN_BLOCK_CAPTURE_AUTORELEASING = YES;
				CLANG_WARN_BOOL_CONVERSION = YES;
				CLANG_WARN_COMMA = YES;
				CLANG_WARN_CONSTANT_CONVERSION = YES;
				CLANG_WARN_DEPRECATED_OBJC_IMPLEMENTATIONS = YES;
				CLANG_WARN_DIRECT_OBJC_ISA_USAGE = YES_ERROR;
				CLANG_WARN_DOCUMENTATION_COMMENTS = YES;
				CLANG_WARN_EMPTY_BODY = YES;
				CLANG_WARN_ENUM_CONVERSION = YES;
				CLANG_WARN_INFINITE_RECURSION = YES;
				CLANG_WARN_INT_CONVERSION = YES;
				CLANG_WARN_NON_LITERAL_NULL_CONVERSION = YES;
				CLANG_WARN_OBJC_IMPLICIT_RETAIN_SELF = YES;
				CLANG_WARN_OBJC_LITERAL_CONVERSION = YES;
				CLANG_WARN_OBJC_ROOT_CLASS = YES_ERROR;
				CLANG_WARN_QUOTED_INCLUDE_IN_FRAMEWORK_HEADER = YES;
				CLANG_WARN_RANGE_LOOP_ANALYSIS = YES;
				CLANG_WARN_STRICT_PROTOTYPES = YES;
				CLANG_WARN_SUSPICIOUS_MOVE = YES;
				CLANG_WARN_UNGUARDED_AVAILABILITY = YES_AGGRESSIVE;
				CLANG_WARN_UNREACHABLE_CODE = YES;
				CLANG_WARN__DUPLICATE_METHOD_MATCH = YES;
				COPY_PHASE_STRIP = NO;
				DEBUG_INFORMATION_FORMAT = "dwarf-with-dsym";
				ENABLE_NS_ASSERTIONS = NO;
				ENABLE_STRICT_OBJC_MSGSEND = YES;
				GCC_C_LANGUAGE_STANDARD = gnu11;
				GCC_NO_COMMON_BLOCKS = YES;
				GCC_WARN_64_TO_32_BIT_CONVERSION = YES;
				GCC_WARN_ABOUT_RETURN_TYPE = YES_ERROR;
				GCC_WARN_UNDECLARED_SELECTOR = YES;
				GCC_WARN_UNINITIALIZED_AUTOS = YES_AGGRESSIVE;
				GCC_WARN_UNUSED_FUNCTION = YES;
				GCC_WARN_UNUSED_VARIABLE = YES;
				IPHONEOS_DEPLOYMENT_TARGET = 14.5;
				MTL_ENABLE_DEBUG_INFO = NO;
				MTL_FAST_MATH = YES;
				SDKROOT = iphoneos;
				SWIFT_COMPILATION_MODE = wholemodule;
				SWIFT_OPTIMIZATION_LEVEL = "-O";
				VALIDATE_PRODUCT = YES;
			};
			name = Release;
		};
		DE0B29BC2681D9D30056862E /* Debug */ = {
			isa = XCBuildConfiguration;
			buildSettings = {
				ASSETCATALOG_COMPILER_APPICON_NAME = AppIcon;
				ASSETCATALOG_COMPILER_GLOBAL_ACCENT_COLOR_NAME = AccentColor;
				CODE_SIGN_STYLE = Automatic;
				INFOPLIST_FILE = Training/Info.plist;
				LD_RUNPATH_SEARCH_PATHS = (
					"$(inherited)",
					"@executable_path/Frameworks",
				);
				PRODUCT_BUNDLE_IDENTIFIER = training.Training;
				PRODUCT_NAME = "$(TARGET_NAME)";
				SWIFT_VERSION = 5.0;
				TARGETED_DEVICE_FAMILY = "1,2";
			};
			name = Debug;
		};
		DE0B29BD2681D9D30056862E /* Release */ = {
			isa = XCBuildConfiguration;
			buildSettings = {
				ASSETCATALOG_COMPILER_APPICON_NAME = AppIcon;
				ASSETCATALOG_COMPILER_GLOBAL_ACCENT_COLOR_NAME = AccentColor;
				CODE_SIGN_STYLE = Automatic;
				INFOPLIST_FILE = Training/Info.plist;
				LD_RUNPATH_SEARCH_PATHS = (
					"$(inherited)",
					"@executable_path/Frameworks",
				);
				PRODUCT_BUNDLE_IDENTIFIER = training.Training;
				PRODUCT_NAME = "$(TARGET_NAME)";
				SWIFT_VERSION = 5.0;
				TARGETED_DEVICE_FAMILY = "1,2";
			};
			name = Release;
		};
/* End XCBuildConfiguration section */

/* Begin XCConfigurationList section */
		DE0B29A22681D9CF0056862E /* Build configuration list for PBXProject "Training" */ = {
			isa = XCConfigurationList;
			buildConfigurations = (
				DE0B29B92681D9D30056862E /* Debug */,
				DE0B29BA2681D9D30056862E /* Release */,
			);
			defaultConfigurationIsVisible = 0;
			defaultConfigurationName = Release;
		};
		DE0B29BB2681D9D30056862E /* Build configuration list for PBXNativeTarget "Training" */ = {
			isa = XCConfigurationList;
			buildConfigurations = (
				DE0B29BC2681D9D30056862E /* Debug */,
				DE0B29BD2681D9D30056862E /* Release */,
			);
			defaultConfigurationIsVisible = 0;
			defaultConfigurationName = Release;
		};
/* End XCConfigurationList section */

/* Begin XCRemoteSwiftPackageReference section */
		DE69111426832931005BF23A /* XCRemoteSwiftPackageReference "Alamofire" */ = {
			isa = XCRemoteSwiftPackageReference;
			repositoryURL = "https://github.com/Alamofire/Alamofire.git";
			requirement = {
				kind = upToNextMajorVersion;
				minimumVersion = 5.4.3;
			};
		};
/* End XCRemoteSwiftPackageReference section */

/* Begin XCSwiftPackageProductDependency section */
		DE69111526832931005BF23A /* Alamofire */ = {
			isa = XCSwiftPackageProductDependency;
			package = DE69111426832931005BF23A /* XCRemoteSwiftPackageReference "Alamofire" */;
			productName = Alamofire;
		};
/* End XCSwiftPackageProductDependency section */
	};
	rootObject = DE0B299F2681D9CF0056862E /* Project object */;
}
