{
  "object": {
    "pins": [
      {
        "package": "Alamofire",
        "repositoryURL": "https://github.com/Alamofire/Alamofire.git",
        "state": {
          "branch": null,
          "revision": "f96b619bcb2383b43d898402283924b80e2c4bae",
          "version": "5.4.3"
        }
      },
      {
        "package": "Anchorage",
        "repositoryURL": "https://github.com/Rightpoint/Anchorage.git",
        "state": {
          "branch": null,
          "revision": "23a6dd0ccf9529d2750d8679a2e74a161cff2f16",
          "version": "4.5.0"
        }
      },
      {
        "package": "Kingfisher",
        "repositoryURL": "https://github.com/onevcat/Kingfisher.git",
        "state": {
          "branch": null,
          "revision": "44450a8f564d7c0165f736ba2250649ff8d3e556",
          "version": "6.3.0"
        }
      }
    ]
  },
  "version": 1
}
